hash: 62b78c15b83a49e47f80940d92d2cddcb4a03a5d895b606ad422f383e300594c
updated: 2016-06-29T20:28:05.829343804-07:00
imports:
- name: github.com/dghubble/sling
  version: 4af638d6d3265b9f740bf6d2665ef20d7abd0103
- name: github.com/urfave/cli
  version: 1efa31f08b9333f1bd4882d61f9d668a70cd902e
devImports: []
